
Microsoft Visual Studio Solution File, Format Version 12.00
# Visual Studio Version 17
VisualStudioVersion = 17.11.35312.102
MinimumVisualStudioVersion = 10.0.40219.1
Project("{FAE04EC0-301F-11D3-BF4B-00C04F79EFBC}") = "Form1", "Form1.csproj", "{610C2E57-581C-42F6-87D0-FAB661FE09EF}"
EndProject
Project("{840C416C-B8F3-42BC-B0DD-F6BB14C9F8CB}") = "Setup", "..\Setup\Setup.aiproj", "{98FDA299-4EE6-44FE-BC06-0D172B665342}"
EndProject
Global
	GlobalSection(SolutionConfigurationPlatforms) = preSolution
		All|Any CPU = All|Any CPU
		Debug|Any CPU = Debug|Any CPU
		Release|Any CPU = Release|Any CPU
	EndGlobalSection
	GlobalSection(ProjectConfigurationPlatforms) = postSolution
		{610C2E57-581C-42F6-87D0-FAB661FE09EF}.All|Any CPU.ActiveCfg = Release|Any CPU
		{610C2E57-581C-42F6-87D0-FAB661FE09EF}.All|Any CPU.Build.0 = Release|Any CPU
		{610C2E57-581C-42F6-87D0-FAB661FE09EF}.Debug|Any CPU.ActiveCfg = Debug|Any CPU
		{610C2E57-581C-42F6-87D0-FAB661FE09EF}.Debug|Any CPU.Build.0 = Debug|Any CPU
		{610C2E57-581C-42F6-87D0-FAB661FE09EF}.Release|Any CPU.ActiveCfg = Release|Any CPU
		{610C2E57-581C-42F6-87D0-FAB661FE09EF}.Release|Any CPU.Build.0 = Release|Any CPU
		{98FDA299-4EE6-44FE-BC06-0D172B665342}.All|Any CPU.ActiveCfg = DefaultBuild
		{98FDA299-4EE6-44FE-BC06-0D172B665342}.All|Any CPU.Build.0 = DefaultBuild
		{98FDA299-4EE6-44FE-BC06-0D172B665342}.Debug|Any CPU.ActiveCfg = DefaultBuild
		{98FDA299-4EE6-44FE-BC06-0D172B665342}.Debug|Any CPU.Build.0 = DefaultBuild
		{98FDA299-4EE6-44FE-BC06-0D172B665342}.Release|Any CPU.ActiveCfg = DefaultBuild
		{98FDA299-4EE6-44FE-BC06-0D172B665342}.Release|Any CPU.Build.0 = DefaultBuild
	EndGlobalSection
	GlobalSection(SolutionProperties) = preSolution
		HideSolutionNode = FALSE
	EndGlobalSection
	GlobalSection(ExtensibilityGlobals) = postSolution
		SolutionGuid = {9FAB4ADD-1226-4409-A89A-0FD2E76F3D2A}
	EndGlobalSection
EndGlobal
